
Microsoft Visual Studio Solution File, Format Version 12.00
# Visual Studio Version 16
VisualStudioVersion = 16.0.32228.343
MinimumVisualStudioVersion = 10.0.40219.1
Project("{FAE04EC0-301F-11D3-BF4B-00C04F79EFBC}") = "Stacks and Queues", "Stacks and Queues\Stacks and Queues.csproj", "{46859B4E-AC00-497A-991C-5118DC9F0193}"
EndProject
Project("{FAE04EC0-301F-11D3-BF4B-00C04F79EFBC}") = "TestStack", "TestStack\TestStack.csproj", "{021AC0B8-9C43-4900-93F5-8CCC3818298F}"
EndProject
Global
	GlobalSection(SolutionConfigurationPlatforms) = preSolution
		Debug|Any CPU = Debug|Any CPU
		Release|Any CPU = Release|Any CPU
	EndGlobalSection
	GlobalSection(ProjectConfigurationPlatforms) = postSolution
		{46859B4E-AC00-497A-991C-5118DC9F0193}.Debug|Any CPU.ActiveCfg = Debug|Any CPU
		{46859B4E-AC00-497A-991C-5118DC9F0193}.Debug|Any CPU.Build.0 = Debug|Any CPU
		{46859B4E-AC00-497A-991C-5118DC9F0193}.Release|Any CPU.ActiveCfg = Release|Any CPU
		{46859B4E-AC00-497A-991C-5118DC9F0193}.Release|Any CPU.Build.0 = Release|Any CPU
		{021AC0B8-9C43-4900-93F5-8CCC3818298F}.Debug|Any CPU.ActiveCfg = Debug|Any CPU
		{021AC0B8-9C43-4900-93F5-8CCC3818298F}.Debug|Any CPU.Build.0 = Debug|Any CPU
		{021AC0B8-9C43-4900-93F5-8CCC3818298F}.Release|Any CPU.ActiveCfg = Release|Any CPU
		{021AC0B8-9C43-4900-93F5-8CCC3818298F}.Release|Any CPU.Build.0 = Release|Any CPU
	EndGlobalSection
	GlobalSection(SolutionProperties) = preSolution
		HideSolutionNode = FALSE
	EndGlobalSection
	GlobalSection(ExtensibilityGlobals) = postSolution
		SolutionGuid = {234BD157-31CC-404E-988B-EBDE98E23FC3}
	EndGlobalSection
EndGlobal
