
Microsoft Visual Studio Solution File, Format Version 12.00
# Visual Studio Version 16
VisualStudioVersion = 16.0.32228.343
MinimumVisualStudioVersion = 10.0.40219.1
Project("{9A19103F-16F7-4668-BE54-9A1E7A4F7556}") = "Linked-Lists", "Linked-Lists\Linked-Lists.csproj", "{BD2FACFB-7175-4EA1-8231-116770E58877}"
EndProject
Project("{FAE04EC0-301F-11D3-BF4B-00C04F79EFBC}") = "Testlinkedlists", "Testlinkedlists\Testlinkedlists.csproj", "{FE8A5608-91ED-459D-AA39-1B227B966B23}"
EndProject
Global
	GlobalSection(SolutionConfigurationPlatforms) = preSolution
		Debug|Any CPU = Debug|Any CPU
		Release|Any CPU = Release|Any CPU
	EndGlobalSection
	GlobalSection(ProjectConfigurationPlatforms) = postSolution
		{BD2FACFB-7175-4EA1-8231-116770E58877}.Debug|Any CPU.ActiveCfg = Debug|Any CPU
		{BD2FACFB-7175-4EA1-8231-116770E58877}.Debug|Any CPU.Build.0 = Debug|Any CPU
		{BD2FACFB-7175-4EA1-8231-116770E58877}.Release|Any CPU.ActiveCfg = Release|Any CPU
		{BD2FACFB-7175-4EA1-8231-116770E58877}.Release|Any CPU.Build.0 = Release|Any CPU
		{FE8A5608-91ED-459D-AA39-1B227B966B23}.Debug|Any CPU.ActiveCfg = Debug|Any CPU
		{FE8A5608-91ED-459D-AA39-1B227B966B23}.Debug|Any CPU.Build.0 = Debug|Any CPU
		{FE8A5608-91ED-459D-AA39-1B227B966B23}.Release|Any CPU.ActiveCfg = Release|Any CPU
		{FE8A5608-91ED-459D-AA39-1B227B966B23}.Release|Any CPU.Build.0 = Release|Any CPU
	EndGlobalSection
	GlobalSection(SolutionProperties) = preSolution
		HideSolutionNode = FALSE
	EndGlobalSection
	GlobalSection(ExtensibilityGlobals) = postSolution
		SolutionGuid = {5924F771-DEED-4C6A-858A-A53E8EC12E40}
	EndGlobalSection
EndGlobal
