
Microsoft Visual Studio Solution File, Format Version 12.00
# Visual Studio Version 16
VisualStudioVersion = 16.0.32228.343
MinimumVisualStudioVersion = 10.0.40219.1
Project("{FAE04EC0-301F-11D3-BF4B-00C04F79EFBC}") = "Trees", "Trees\Trees.csproj", "{56164520-CED2-44B5-A3AA-DCBB345AB506}"
EndProject
Project("{FAE04EC0-301F-11D3-BF4B-00C04F79EFBC}") = "TreeTest", "TreeTest\TreeTest.csproj", "{594BCE42-7D9F-4D6F-902B-67F2EF4C8F3A}"
EndProject
Global
	GlobalSection(SolutionConfigurationPlatforms) = preSolution
		Debug|Any CPU = Debug|Any CPU
		Release|Any CPU = Release|Any CPU
	EndGlobalSection
	GlobalSection(ProjectConfigurationPlatforms) = postSolution
		{56164520-CED2-44B5-A3AA-DCBB345AB506}.Debug|Any CPU.ActiveCfg = Debug|Any CPU
		{56164520-CED2-44B5-A3AA-DCBB345AB506}.Debug|Any CPU.Build.0 = Debug|Any CPU
		{56164520-CED2-44B5-A3AA-DCBB345AB506}.Release|Any CPU.ActiveCfg = Release|Any CPU
		{56164520-CED2-44B5-A3AA-DCBB345AB506}.Release|Any CPU.Build.0 = Release|Any CPU
		{594BCE42-7D9F-4D6F-902B-67F2EF4C8F3A}.Debug|Any CPU.ActiveCfg = Debug|Any CPU
		{594BCE42-7D9F-4D6F-902B-67F2EF4C8F3A}.Debug|Any CPU.Build.0 = Debug|Any CPU
		{594BCE42-7D9F-4D6F-902B-67F2EF4C8F3A}.Release|Any CPU.ActiveCfg = Release|Any CPU
		{594BCE42-7D9F-4D6F-902B-67F2EF4C8F3A}.Release|Any CPU.Build.0 = Release|Any CPU
	EndGlobalSection
	GlobalSection(SolutionProperties) = preSolution
		HideSolutionNode = FALSE
	EndGlobalSection
	GlobalSection(ExtensibilityGlobals) = postSolution
		SolutionGuid = {209D5910-F7EE-48C7-B8BE-83FA55D8098D}
	EndGlobalSection
EndGlobal
