
Microsoft Visual Studio Solution File, Format Version 12.00
# Visual Studio Version 16
VisualStudioVersion = 16.0.32228.343
MinimumVisualStudioVersion = 10.0.40219.1
Project("{FAE04EC0-301F-11D3-BF4B-00C04F79EFBC}") = "Quick Sort", "Quick Sort\Quick Sort.csproj", "{6A927193-42FB-459A-91F4-F72502998D48}"
EndProject
Project("{FAE04EC0-301F-11D3-BF4B-00C04F79EFBC}") = "QuickSortTest", "QuickSortTest\QuickSortTest.csproj", "{CA34458D-C497-47B0-AA6D-F6C034082262}"
EndProject
Global
	GlobalSection(SolutionConfigurationPlatforms) = preSolution
		Debug|Any CPU = Debug|Any CPU
		Release|Any CPU = Release|Any CPU
	EndGlobalSection
	GlobalSection(ProjectConfigurationPlatforms) = postSolution
		{6A927193-42FB-459A-91F4-F72502998D48}.Debug|Any CPU.ActiveCfg = Debug|Any CPU
		{6A927193-42FB-459A-91F4-F72502998D48}.Debug|Any CPU.Build.0 = Debug|Any CPU
		{6A927193-42FB-459A-91F4-F72502998D48}.Release|Any CPU.ActiveCfg = Release|Any CPU
		{6A927193-42FB-459A-91F4-F72502998D48}.Release|Any CPU.Build.0 = Release|Any CPU
		{CA34458D-C497-47B0-AA6D-F6C034082262}.Debug|Any CPU.ActiveCfg = Debug|Any CPU
		{CA34458D-C497-47B0-AA6D-F6C034082262}.Debug|Any CPU.Build.0 = Debug|Any CPU
		{CA34458D-C497-47B0-AA6D-F6C034082262}.Release|Any CPU.ActiveCfg = Release|Any CPU
		{CA34458D-C497-47B0-AA6D-F6C034082262}.Release|Any CPU.Build.0 = Release|Any CPU
	EndGlobalSection
	GlobalSection(SolutionProperties) = preSolution
		HideSolutionNode = FALSE
	EndGlobalSection
	GlobalSection(ExtensibilityGlobals) = postSolution
		SolutionGuid = {5943055A-5102-4982-8317-5478933E0852}
	EndGlobalSection
EndGlobal
